
Microsoft Visual Studio Solution File, Format Version 12.00
# Visual Studio Version 17
VisualStudioVersion = 17.5.002.0
MinimumVisualStudioVersion = 10.0.40219.1
Project("{9A19103F-16F7-4668-BE54-9A1E7A4F7556}") = "GeometryGuru", "GeometryGuru.csproj", "{558CC018-626C-424E-9096-B1792248465C}"
EndProject
Global
	GlobalSection(SolutionConfigurationPlatforms) = preSolution
		Debug|Any CPU = Debug|Any CPU
		Release|Any CPU = Release|Any CPU
	EndGlobalSection
	GlobalSection(ProjectConfigurationPlatforms) = postSolution
		{558CC018-626C-424E-9096-B1792248465C}.Debug|Any CPU.ActiveCfg = Debug|Any CPU
		{558CC018-626C-424E-9096-B1792248465C}.Debug|Any CPU.Build.0 = Debug|Any CPU
		{558CC018-626C-424E-9096-B1792248465C}.Release|Any CPU.ActiveCfg = Release|Any CPU
		{558CC018-626C-424E-9096-B1792248465C}.Release|Any CPU.Build.0 = Release|Any CPU
	EndGlobalSection
	GlobalSection(SolutionProperties) = preSolution
		HideSolutionNode = FALSE
	EndGlobalSection
	GlobalSection(ExtensibilityGlobals) = postSolution
		SolutionGuid = {2BF92B7E-B6D6-4414-9508-D192DC54BF72}
	EndGlobalSection
EndGlobal
